# THIS IS AN AUTOGENERATED FILE. DO NOT EDIT THIS FILE DIRECTLY.
# yarn lockfile v1


"@babel/code-frame@^7.5.5":
  version "7.8.3"
  resolved "https://registry.yarnpkg.com/@babel/code-frame/-/code-frame-7.8.3.tgz#33e25903d7481181534e12ec0a25f16b6fcf419e"
  integrity sha512-a9gxpmdXtZEInkCSHUJDLHZVBgb1QS0jhss4cPP93EW7s+uC5bikET2twEF3KV+7rDblJcmNvTR7VJejqd2C2g==
  dependencies:
    "@babel/highlight" "^7.8.3"

"@babel/highlight@^7.8.3":
  version "7.8.3"
  resolved "https://registry.yarnpkg.com/@babel/highlight/-/highlight-7.8.3.tgz#28f173d04223eaaa59bc1d439a3836e6d1265797"
  integrity sha512-PX4y5xQUvy0fnEVHrYOarRPXVWafSjTW9T0Hab8gVIawpl2Sj0ORyrygANq+KjcNlSSTw0YCLSNA8OyZ1I4yEg==
  dependencies:
    chalk "^2.0.0"
    esutils "^2.0.2"
    js-tokens "^4.0.0"

"@rollup/plugin-typescript@^3.0.0":
  version "3.0.0"
  resolved "https://registry.yarnpkg.com/@rollup/plugin-typescript/-/plugin-typescript-3.0.0.tgz#9398fcca1cef67ac325fef19c28dece24c9a5263"
  integrity sha512-O6915Ril3+Q0B4P898PULAcPFZfPuatEB/4nox7bnK48ekGrmamMYhMB5tOqWjihEWrw4oz/NL+c+/kS3Fk95g==
  dependencies:
    "@rollup/pluginutils" "^3.0.1"
    resolve "^1.14.1"

"@rollup/pluginutils@^3.0.1":
  version "3.0.8"
  resolved "https://registry.yarnpkg.com/@rollup/pluginutils/-/pluginutils-3.0.8.tgz#4e94d128d94b90699e517ef045422960d18c8fde"
  integrity sha512-rYGeAc4sxcZ+kPG/Tw4/fwJODC3IXHYDH4qusdN/b6aLw5LPUbzpecYbEJh4sVQGPFJxd2dBU4kc1H3oy9/bnw==
  dependencies:
    estree-walker "^1.0.1"

"@types/d3-array@*":
  version "2.0.0"
  resolved "https://registry.yarnpkg.com/@types/d3-array/-/d3-array-2.0.0.tgz#a0d63a296a2d8435a9ec59393dcac746c6174a96"
  integrity sha512-rGqfPVowNDTszSFvwoZIXvrPG7s/qKzm9piCRIH6xwTTRu7pPZ3ootULFnPkTt74B6i5lN0FpLQL24qGOw1uZA==

"@types/d3-array@^1":
  version "1.2.7"
  resolved "https://registry.yarnpkg.com/@types/d3-array/-/d3-array-1.2.7.tgz#34dc654d34fc058c41c31dbca1ed68071a8fcc17"
  integrity sha512-51vHWuUyDOi+8XuwPrTw3cFqyh2Slg9y8COYkRfjCPG9TfYqY0hoNPzv/8BrcAy0FeQBzqEo/D/8Nk2caOQJnA==

"@types/d3-axis@*":
  version "1.0.12"
  resolved "https://registry.yarnpkg.com/@types/d3-axis/-/d3-axis-1.0.12.tgz#8c124edfcc02f3b3a9cdaa2a28b8a20341401799"
  integrity sha512-BZISgSD5M8TgURyNtcPAmUB9sk490CO1Thb6/gIn0WZTt3Y50IssX+2Z0vTccoqZksUDTep0b+o4ofXslvNbqg==
  dependencies:
    "@types/d3-selection" "*"

"@types/d3-brush@*":
  version "1.0.10"
  resolved "https://registry.yarnpkg.com/@types/d3-brush/-/d3-brush-1.0.10.tgz#aa9b5545d816c29d19cff20118f236713af8e9fb"
  integrity sha512-J8jREATIrfJaAfhJivqaEKPnJsRlwwrOPje+ABqZFgamADjll+q9zaDXnYyjiGPPsiJEU+Qq9jQi5rECxIOfhg==
  dependencies:
    "@types/d3-selection" "*"

"@types/d3-chord@*":
  version "1.0.9"
  resolved "https://registry.yarnpkg.com/@types/d3-chord/-/d3-chord-1.0.9.tgz#ccc5de03ff079025491b7aa6b750670a140b45ae"
  integrity sha512-UA6lI9CVW5cT5Ku/RV4hxoFn4mKySHm7HEgodtfRthAj1lt9rKZEPon58vyYfk+HIAm33DtJJgZwMXy2QgyPXw==

"@types/d3-collection@*":
  version "1.0.8"
  resolved "https://registry.yarnpkg.com/@types/d3-collection/-/d3-collection-1.0.8.tgz#aa9552c570a96e33c132e0fd20e331f64baa9dd5"
  integrity sha512-y5lGlazdc0HNO0F3UUX2DPE7OmYvd9Kcym4hXwrJcNUkDaypR5pX+apuMikl9LfTxKItJsY9KYvzBulpCKyvuQ==

"@types/d3-color@*":
  version "1.2.2"
  resolved "https://registry.yarnpkg.com/@types/d3-color/-/d3-color-1.2.2.tgz#80cf7cfff7401587b8f89307ba36fe4a576bc7cf"
  integrity sha512-6pBxzJ8ZP3dYEQ4YjQ+NVbQaOflfgXq/JbDiS99oLobM2o72uAST4q6yPxHv6FOTCRC/n35ktuo8pvw/S4M7sw==

"@types/d3-contour@*":
  version "1.3.0"
  resolved "https://registry.yarnpkg.com/@types/d3-contour/-/d3-contour-1.3.0.tgz#1a408b121fa5e341f715e3055303ef3079fc7eb0"
  integrity sha512-AUCUIjEnC5lCGBM9hS+MryRaFLIrPls4Rbv6ktqbd+TK/RXZPwOy9rtBWmGpbeXcSOYCJTUDwNJuEnmYPJRxHQ==
  dependencies:
    "@types/d3-array" "*"
    "@types/geojson" "*"

"@types/d3-dispatch@*":
  version "1.0.7"
  resolved "https://registry.yarnpkg.com/@types/d3-dispatch/-/d3-dispatch-1.0.7.tgz#6721aefbb9862ce78c20a87a1490c21f57c3ed7f"
  integrity sha512-M+z84G7UKwK6hEPnGCSccOg8zJ3Nk2hgDQ9sCstHXgsFU0sMxlIZVKqKB5oxUDbALqQG6ucg0G9e8cmOSlishg==

"@types/d3-drag@*":
  version "1.2.3"
  resolved "https://registry.yarnpkg.com/@types/d3-drag/-/d3-drag-1.2.3.tgz#d8ddccca28e939e9c689bea6f40a937e48c39051"
  integrity sha512-rWB5SPvkYVxW3sqUxHOJUZwifD0KqvKwvt1bhNqcLpW6Azsd0BJgRNcyVW8GAferaAk5r8dzeZnf9zKlg9+xMQ==
  dependencies:
    "@types/d3-selection" "*"

"@types/d3-dsv@*":
  version "1.0.36"
  resolved "https://registry.yarnpkg.com/@types/d3-dsv/-/d3-dsv-1.0.36.tgz#e91129d7c02b1b814838d001e921e8b9a67153d0"
  integrity sha512-jbIWQ27QJcBNMZbQv0NSQMHnBDCmxghAxePxgyiPH1XPCRkOsTBei7jcdi3fDrUCGpCV3lKrSZFSlOkhUQVClA==

"@types/d3-ease@*":
  version "1.0.9"
  resolved "https://registry.yarnpkg.com/@types/d3-ease/-/d3-ease-1.0.9.tgz#1dd849bd7edef6426e915e220ed9970db5ea4e04"
  integrity sha512-U5ADevQ+W6fy32FVZZC9EXallcV/Mi12A5Tkd0My5MrC7T8soMQEhlDAg88XUWm0zoCQlB4XV0en/24LvuDB4Q==

"@types/d3-fetch@*":
  version "1.1.5"
  resolved "https://registry.yarnpkg.com/@types/d3-fetch/-/d3-fetch-1.1.5.tgz#51601f79dd4653b5d84e6a3176d78145e065db5e"
  integrity sha512-o9c0ItT5/Gl3wbNuVpzRnYX1t3RghzeWAjHUVLuyZJudiTxC4f/fC0ZPFWLQ2lVY8pAMmxpV8TJ6ETYCgPeI3A==
  dependencies:
    "@types/d3-dsv" "*"

"@types/d3-force@*":
  version "1.2.1"
  resolved "https://registry.yarnpkg.com/@types/d3-force/-/d3-force-1.2.1.tgz#c28803ea36fe29788db69efa0ad6c2dc09544e83"
  integrity sha512-jqK+I36uz4kTBjyk39meed5y31Ab+tXYN/x1dn3nZEus9yOHCLc+VrcIYLc/aSQ0Y7tMPRlIhLetulME76EiiA==

"@types/d3-format@*":
  version "1.3.1"
  resolved "https://registry.yarnpkg.com/@types/d3-format/-/d3-format-1.3.1.tgz#35bf88264bd6bcda39251165bb827f67879c4384"
  integrity sha512-KAWvReOKMDreaAwOjdfQMm0HjcUMlQG47GwqdVKgmm20vTd2pucj0a70c3gUSHrnsmo6H2AMrkBsZU2UhJLq8A==

"@types/d3-geo@*":
  version "1.11.1"
  resolved "https://registry.yarnpkg.com/@types/d3-geo/-/d3-geo-1.11.1.tgz#e96ec91f16221d87507fec66b2cc889f52d2493e"
  integrity sha512-Ox8WWOG3igDRoep/dNsGbOiSJYdUG3ew/6z0ETvHyAtXZVBjOE0S96zSSmzgl0gqQ3RdZjn2eeJOj9oRcMZPkQ==
  dependencies:
    "@types/geojson" "*"

"@types/d3-hierarchy@*":
  version "1.1.6"
  resolved "https://registry.yarnpkg.com/@types/d3-hierarchy/-/d3-hierarchy-1.1.6.tgz#4c017521900813ea524c9ecb8d7985ec26a9ad9a"
  integrity sha512-vvSaIDf/Ov0o3KwMT+1M8+WbnnlRiGjlGD5uvk83a1mPCTd/E5x12bUJ/oP55+wUY/4Kb5kc67rVpVGJ2KUHxg==

"@types/d3-interpolate@*":
  version "1.3.1"
  resolved "https://registry.yarnpkg.com/@types/d3-interpolate/-/d3-interpolate-1.3.1.tgz#1c280511f622de9b0b47d463fa55f9a4fd6f5fc8"
  integrity sha512-z8Zmi08XVwe8e62vP6wcA+CNuRhpuUU5XPEfqpG0hRypDE5BWNthQHB1UNWWDB7ojCbGaN4qBdsWp5kWxhT1IQ==
  dependencies:
    "@types/d3-color" "*"

"@types/d3-path@*":
  version "1.0.8"
  resolved "https://registry.yarnpkg.com/@types/d3-path/-/d3-path-1.0.8.tgz#48e6945a8ff43ee0a1ce85c8cfa2337de85c7c79"
  integrity sha512-AZGHWslq/oApTAHu9+yH/Bnk63y9oFOMROtqPAtxl5uB6qm1x2lueWdVEjsjjV3Qc2+QfuzKIwIR5MvVBakfzA==

"@types/d3-polygon@*":
  version "1.0.7"
  resolved "https://registry.yarnpkg.com/@types/d3-polygon/-/d3-polygon-1.0.7.tgz#7b3947aa2d48287ff535230d3d396668ab17bfdf"
  integrity sha512-Xuw0eSjQQKs8jTiNbntWH0S+Xp+JyhqxmQ0YAQ3rDu6c3kKMFfgsaGN7Jv5u3zG6yVX/AsLP/Xs/QRjmi9g43Q==

"@types/d3-quadtree@*":
  version "1.0.7"
  resolved "https://registry.yarnpkg.com/@types/d3-quadtree/-/d3-quadtree-1.0.7.tgz#8e29464ff5b326f6612c1428d9362b4b35de2b70"
  integrity sha512-0ajFawWicfjsaCLh6NzxOyVDYhQAmMFbsiI3MPGLInorauHFEh9/Cl6UHNf+kt/J1jfoxKY/ZJaKAoDpbvde5Q==

"@types/d3-random@*":
  version "1.1.2"
  resolved "https://registry.yarnpkg.com/@types/d3-random/-/d3-random-1.1.2.tgz#6f77e8b7bb64ac393f92d33fe8f71038bc4f3cde"
  integrity sha512-Jui+Zn28pQw/3EayPKaN4c/PqTvqNbIPjHkgIIFnxne1FdwNjfHtAIsZIBMKlquQNrrMjFzCrlF2gPs3xckqaA==

"@types/d3-scale-chromatic@*":
  version "1.3.1"
  resolved "https://registry.yarnpkg.com/@types/d3-scale-chromatic/-/d3-scale-chromatic-1.3.1.tgz#a294ae688634027870f0307bf8802f863aa2ddb3"
  integrity sha512-Ny3rLbV5tnmqgW7w/poCcef4kXP8mHPo/p8EjTS5d9OUk8MlqAeRaM8eF7Vyv7QMLiIXNE94Pa1cMLSPkXQBoQ==

"@types/d3-scale@*":
  version "2.1.1"
  resolved "https://registry.yarnpkg.com/@types/d3-scale/-/d3-scale-2.1.1.tgz#405e58771ec6ae7b8f7b4178ee1887620759e8f7"
  integrity sha512-kNTkbZQ+N/Ip8oX9PByXfDLoCSaZYm+VUOasbmsa6KD850/ziMdYepg/8kLg2plHzoLANdMqPoYQbvExevLUHg==
  dependencies:
    "@types/d3-time" "*"

"@types/d3-selection@*":
  version "1.4.1"
  resolved "https://registry.yarnpkg.com/@types/d3-selection/-/d3-selection-1.4.1.tgz#fa1f8710a6b5d7cfe5c6caa61d161be7cae4a022"
  integrity sha512-bv8IfFYo/xG6dxri9OwDnK3yCagYPeRIjTlrcdYJSx+FDWlCeBDepIHUpqROmhPtZ53jyna0aUajZRk0I3rXNA==

"@types/d3-shape@*":
  version "1.3.2"
  resolved "https://registry.yarnpkg.com/@types/d3-shape/-/d3-shape-1.3.2.tgz#a41d9d6b10d02e221696b240caf0b5d0f5a588ec"
  integrity sha512-LtD8EaNYCaBRzHzaAiIPrfcL3DdIysc81dkGlQvv7WQP3+YXV7b0JJTtR1U3bzeRieS603KF4wUo+ZkJVenh8w==
  dependencies:
    "@types/d3-path" "*"

"@types/d3-time-format@*":
  version "2.1.1"
  resolved "https://registry.yarnpkg.com/@types/d3-time-format/-/d3-time-format-2.1.1.tgz#dd2c79ec4575f1355484ab6b10407824668eba42"
  integrity sha512-tJSyXta8ZyJ52wDDHA96JEsvkbL6jl7wowGmuf45+fAkj5Y+SQOnz0N7/H68OWmPshPsAaWMQh+GAws44IzH3g==

"@types/d3-time@*":
  version "1.0.10"
  resolved "https://registry.yarnpkg.com/@types/d3-time/-/d3-time-1.0.10.tgz#d338c7feac93a98a32aac875d1100f92c7b61f4f"
  integrity sha512-aKf62rRQafDQmSiv1NylKhIMmznsjRN+MnXRXTqHoqm0U/UZzVpdrtRnSIfdiLS616OuC1soYeX1dBg2n1u8Xw==

"@types/d3-timer@*":
  version "1.0.9"
  resolved "https://registry.yarnpkg.com/@types/d3-timer/-/d3-timer-1.0.9.tgz#aed1bde0cf18920d33f5d44839d73de393633fd3"
  integrity sha512-WvfJ3LFxBbWjqRGz9n7GJt08RrTHPJDVsIwwoCMROlqF+iDacYiAFjf9oqnq0mXpb2juA2N/qjKP+MKdal3YNQ==

"@types/d3-transition@*":
  version "1.1.6"
  resolved "https://registry.yarnpkg.com/@types/d3-transition/-/d3-transition-1.1.6.tgz#7e52da29749d874866cc803fad13925713a372da"
  integrity sha512-/F+O2r4oz4G9ATIH3cuSCMGphAnl7VDx7SbENEK0NlI/FE8Jx2oiIrv0uTrpg7yF/AmuWbqp7AGdEHAPIh24Gg==
  dependencies:
    "@types/d3-selection" "*"

"@types/d3-voronoi@*":
  version "1.1.9"
  resolved "https://registry.yarnpkg.com/@types/d3-voronoi/-/d3-voronoi-1.1.9.tgz#7bbc210818a3a5c5e0bafb051420df206617c9e5"
  integrity sha512-DExNQkaHd1F3dFPvGA/Aw2NGyjMln6E9QzsiqOcBgnE+VInYnFBHBBySbZQts6z6xD+5jTfKCP7M4OqMyVjdwQ==

"@types/d3-zoom@*":
  version "1.7.4"
  resolved "https://registry.yarnpkg.com/@types/d3-zoom/-/d3-zoom-1.7.4.tgz#9226ffd2bd3846ec0e4a4e2bff211612d3aafad5"
  integrity sha512-5jnFo/itYhJeB2khO/lKe730kW/h2EbKMOvY0uNp3+7NdPm4w63DwPEMxifQZ7n902xGYK5DdU67FmToSoy4VA==
  dependencies:
    "@types/d3-interpolate" "*"
    "@types/d3-selection" "*"

"@types/d3@^5.7.2":
  version "5.7.2"
  resolved "https://registry.yarnpkg.com/@types/d3/-/d3-5.7.2.tgz#52235eb71a1d3ca171d6dca52a58f5ccbe0254cc"
  integrity sha512-7/wClB8ycneWGy3jdvLfXKTd5SoTg9hji7IdJ0RuO9xTY54YpJ8zlcFADcXhY1J3kCBwxp+/1jeN6a5OMwgYOw==
  dependencies:
    "@types/d3-array" "^1"
    "@types/d3-axis" "*"
    "@types/d3-brush" "*"
    "@types/d3-chord" "*"
    "@types/d3-collection" "*"
    "@types/d3-color" "*"
    "@types/d3-contour" "*"
    "@types/d3-dispatch" "*"
    "@types/d3-drag" "*"
    "@types/d3-dsv" "*"
    "@types/d3-ease" "*"
    "@types/d3-fetch" "*"
    "@types/d3-force" "*"
    "@types/d3-format" "*"
    "@types/d3-geo" "*"
    "@types/d3-hierarchy" "*"
    "@types/d3-interpolate" "*"
    "@types/d3-path" "*"
    "@types/d3-polygon" "*"
    "@types/d3-quadtree" "*"
    "@types/d3-random" "*"
    "@types/d3-scale" "*"
    "@types/d3-scale-chromatic" "*"
    "@types/d3-selection" "*"
    "@types/d3-shape" "*"
    "@types/d3-time" "*"
    "@types/d3-time-format" "*"
    "@types/d3-timer" "*"
    "@types/d3-transition" "*"
    "@types/d3-voronoi" "*"
    "@types/d3-zoom" "*"

"@types/estree@*":
  version "0.0.42"
  resolved "https://registry.yarnpkg.com/@types/estree/-/estree-0.0.42.tgz#8d0c1f480339efedb3e46070e22dd63e0430dd11"
  integrity sha512-K1DPVvnBCPxzD+G51/cxVIoc2X8uUVl1zpJeE6iKcgHMj4+tbat5Xu4TjV7v2QSDbIeAfLi2hIk+u2+s0MlpUQ==

"@types/geojson@*":
  version "7946.0.7"
  resolved "https://registry.yarnpkg.com/@types/geojson/-/geojson-7946.0.7.tgz#c8fa532b60a0042219cdf173ca21a975ef0666ad"
  integrity sha512-wE2v81i4C4Ol09RtsWFAqg3BUitWbHSpSlIo+bNdsCJijO9sjme+zm+73ZMCa/qMC8UEERxzGbvmr1cffo2SiQ==

"@types/node@*":
  version "13.7.1"
  resolved "https://registry.yarnpkg.com/@types/node/-/node-13.7.1.tgz#238eb34a66431b71d2aaddeaa7db166f25971a0d"
  integrity sha512-Zq8gcQGmn4txQEJeiXo/KiLpon8TzAl0kmKH4zdWctPj05nWwp1ClMdAVEloqrQKfaC48PNLdgN/aVaLqUrluA==

acorn@^7.1.0:
  version "7.1.0"
  resolved "https://registry.yarnpkg.com/acorn/-/acorn-7.1.0.tgz#949d36f2c292535da602283586c2477c57eb2d6c"
  integrity sha512-kL5CuoXA/dgxlBbVrflsflzQ3PAas7RYZB52NOm/6839iVYJgKMJ3cQJD+t2i5+qFa8h3MDpEOJiS64E8JLnSQ==

ansi-styles@^3.2.1:
  version "3.2.1"
  resolved "https://registry.yarnpkg.com/ansi-styles/-/ansi-styles-3.2.1.tgz#41fbb20243e50b12be0f04b8dedbf07520ce841d"
  integrity sha512-VT0ZI6kZRdTh8YyJw3SMbYm/u+NqfsAxEpWO0Pf9sq8/e94WxxOpPKx9FR1FlyCtOVDNOQ+8ntlqFxiRc+r5qA==
  dependencies:
    color-convert "^1.9.0"

buffer-from@^1.0.0:
  version "1.1.1"
  resolved "https://registry.yarnpkg.com/buffer-from/-/buffer-from-1.1.1.tgz#32713bc028f75c02fdb710d7c7bcec1f2c6070ef"
  integrity sha512-MQcXEUbCKtEo7bhqEs6560Hyd4XaovZlO/k9V3hjVUF/zwW7KBVdSK4gIt/bzwS9MbR5qob+F5jusZsb0YQK2A==

chalk@^2.0.0:
  version "2.4.2"
  resolved "https://registry.yarnpkg.com/chalk/-/chalk-2.4.2.tgz#cd42541677a54333cf541a49108c1432b44c9424"
  integrity sha512-Mti+f9lpJNcwF4tWV8/OrTTtF1gZi+f8FqlyAdouralcFWFQWF2+NgCHShjkCb+IFBLq9buZwE1xckQU4peSuQ==
  dependencies:
    ansi-styles "^3.2.1"
    escape-string-regexp "^1.0.5"
    supports-color "^5.3.0"

color-convert@^1.9.0:
  version "1.9.3"
  resolved "https://registry.yarnpkg.com/color-convert/-/color-convert-1.9.3.tgz#bb71850690e1f136567de629d2d5471deda4c1e8"
  integrity sha512-QfAUtd+vFdAtFQcC8CCyYt1fYWxSqAiK2cSD6zDB8N3cpsEBAvRxp9zOGg6G/SHHJYAT88/az/IuDGALsNVbGg==
  dependencies:
    color-name "1.1.3"

color-name@1.1.3:
  version "1.1.3"
  resolved "https://registry.yarnpkg.com/color-name/-/color-name-1.1.3.tgz#a7d0558bd89c42f795dd42328f740831ca53bc25"
  integrity sha1-p9BVi9icQveV3UIyj3QIMcpTvCU=

commander@^2.20.0:
  version "2.20.3"
  resolved "https://registry.yarnpkg.com/commander/-/commander-2.20.3.tgz#fd485e84c03eb4881c20722ba48035e8531aeb33"
  integrity sha512-GpVkmM8vF2vQUkj2LvZmD35JxeJOLCwJ9cUkugyk2nuhbv3+mJvpLYYt+0+USMxE+oj+ey/lJEnhZw75x/OMcQ==

escape-string-regexp@^1.0.5:
  version "1.0.5"
  resolved "https://registry.yarnpkg.com/escape-string-regexp/-/escape-string-regexp-1.0.5.tgz#1b61c0562190a8dff6ae3bb2cf0200ca130b86d4"
  integrity sha1-G2HAViGQqN/2rjuyzwIAyhMLhtQ=

estree-walker@^0.6.1:
  version "0.6.1"
  resolved "https://registry.yarnpkg.com/estree-walker/-/estree-walker-0.6.1.tgz#53049143f40c6eb918b23671d1fe3219f3a1b362"
  integrity sha512-SqmZANLWS0mnatqbSfRP5g8OXZC12Fgg1IwNtLsyHDzJizORW4khDfjPqJZsemPWBB2uqykUah5YpQ6epsqC/w==

estree-walker@^1.0.1:
  version "1.0.1"
  resolved "https://registry.yarnpkg.com/estree-walker/-/estree-walker-1.0.1.tgz#31bc5d612c96b704106b477e6dd5d8aa138cb700"
  integrity sha512-1fMXF3YP4pZZVozF8j/ZLfvnR8NSIljt56UhbZ5PeeDmmGHpgpdwQt7ITlGvYaQukCvuBRMLEiKiYC+oeIg4cg==

esutils@^2.0.2:
  version "2.0.3"
  resolved "https://registry.yarnpkg.com/esutils/-/esutils-2.0.3.tgz#74d2eb4de0b8da1293711910d50775b9b710ef64"
  integrity sha512-kVscqXk4OCp68SZ0dkgEKVi6/8ij300KBWTJq32P/dYeWTSwK41WyTxalN1eRmA5Z9UU/LX9D7FWSmV9SAYx6g==

has-flag@^3.0.0:
  version "3.0.0"
  resolved "https://registry.yarnpkg.com/has-flag/-/has-flag-3.0.0.tgz#b5d454dc2199ae225699f3467e5a07f3b955bafd"
  integrity sha1-tdRU3CGZriJWmfNGfloH87lVuv0=

jest-worker@^24.9.0:
  version "24.9.0"
  resolved "https://registry.yarnpkg.com/jest-worker/-/jest-worker-24.9.0.tgz#5dbfdb5b2d322e98567898238a9697bcce67b3e5"
  integrity sha512-51PE4haMSXcHohnSMdM42anbvZANYTqMrr52tVKPqqsPJMzoP6FYYDVqahX/HrAoKEKz3uUPzSvKs9A3qR4iVw==
  dependencies:
    merge-stream "^2.0.0"
    supports-color "^6.1.0"

js-tokens@^4.0.0:
  version "4.0.0"
  resolved "https://registry.yarnpkg.com/js-tokens/-/js-tokens-4.0.0.tgz#19203fb59991df98e3a287050d4647cdeaf32499"
  integrity sha512-RdJUflcE3cUzKiMqQgsCu06FPu9UdIJO0beYbPhHN4k6apgJtifcoCtT9bcxOpYBtpD2kCM6Sbzg4CausW/PKQ==

merge-stream@^2.0.0:
  version "2.0.0"
  resolved "https://registry.yarnpkg.com/merge-stream/-/merge-stream-2.0.0.tgz#52823629a14dd00c9770fb6ad47dc6310f2c1f60"
  integrity sha512-abv/qOcuPfk3URPfDzmZU1LKmuw8kT+0nIHvKrKgFrwifol/doWcdA4ZqsWQ8ENrFKkd67Mfpo/LovbIUsbt3w==

mime@>=2.0.3:
  version "2.4.4"
  resolved "https://registry.yarnpkg.com/mime/-/mime-2.4.4.tgz#bd7b91135fc6b01cde3e9bae33d659b63d8857e5"
  integrity sha512-LRxmNwziLPT828z+4YkNzloCFC2YM4wrB99k+AV5ZbEyfGNWfG8SO1FUXLmLDBSo89NrJZ4DIWeLjy1CHGhMGA==

opener@1:
  version "1.5.1"
  resolved "https://registry.yarnpkg.com/opener/-/opener-1.5.1.tgz#6d2f0e77f1a0af0032aca716c2c1fbb8e7e8abed"
  integrity sha512-goYSy5c2UXE4Ra1xixabeVh1guIX/ZV/YokJksb6q2lubWu6UbvPQ20p542/sFIll1nl8JnCyK9oBaOcCWXwvA==

path-parse@^1.0.6:
  version "1.0.6"
  resolved "https://registry.yarnpkg.com/path-parse/-/path-parse-1.0.6.tgz#d62dbb5679405d72c4737ec58600e9ddcf06d24c"
  integrity sha512-GSmOT2EbHrINBf9SR7CDELwlJ8AENk3Qn7OikK4nFYAu3Ote2+JYNVvkpAEQm3/TLNEJFD/xZJjzyxg3KBWOzw==

resolve@^1.14.1:
  version "1.15.1"
  resolved "https://registry.yarnpkg.com/resolve/-/resolve-1.15.1.tgz#27bdcdeffeaf2d6244b95bb0f9f4b4653451f3e8"
  integrity sha512-84oo6ZTtoTUpjgNEr5SJyzQhzL72gaRodsSfyxC/AXRvwu0Yse9H8eF9IpGo7b8YetZhlI6v7ZQ6bKBFV/6S7w==
  dependencies:
    path-parse "^1.0.6"

rollup-plugin-serve@^1.0.1:
  version "1.0.1"
  resolved "https://registry.yarnpkg.com/rollup-plugin-serve/-/rollup-plugin-serve-1.0.1.tgz#2da2a784a916c5564609c7696cd9dacdbf17f6cc"
  integrity sha512-bni0pb4s1YLvn1xBmj+dH1OsLdp8gWA4zqh3yuEtT6/YHhg3nDneGU2GwMcRDQwY2tXzuI0uSeAlF1rY+ODitg==
  dependencies:
    mime ">=2.0.3"
    opener "1"

rollup-plugin-terser@^5.2.0:
  version "5.2.0"
  resolved "https://registry.yarnpkg.com/rollup-plugin-terser/-/rollup-plugin-terser-5.2.0.tgz#ba758adf769347b7f1eaf9ef35978d2e207dccc7"
  integrity sha512-jQI+nYhtDBc9HFRBz8iGttQg7li9klmzR62RG2W2nN6hJ/FI2K2ItYQ7kJ7/zn+vs+BP1AEccmVRjRN989I+Nw==
  dependencies:
    "@babel/code-frame" "^7.5.5"
    jest-worker "^24.9.0"
    rollup-pluginutils "^2.8.2"
    serialize-javascript "^2.1.2"
    terser "^4.6.2"

rollup-pluginutils@^2.8.2:
  version "2.8.2"
  resolved "https://registry.yarnpkg.com/rollup-pluginutils/-/rollup-pluginutils-2.8.2.tgz#72f2af0748b592364dbd3389e600e5a9444a351e"
  integrity sha512-EEp9NhnUkwY8aif6bxgovPHMoMoNr2FulJziTndpt5H9RdwC47GSGuII9XxpSdzVGM0GWrNPHV6ie1LTNJPaLQ==
  dependencies:
    estree-walker "^0.6.1"

rollup@^1.31.1:
  version "1.31.1"
  resolved "https://registry.yarnpkg.com/rollup/-/rollup-1.31.1.tgz#4170d6f87148d46e5fbe29b493f8f3ea3453c96f"
  integrity sha512-2JREN1YdrS/kpPzEd33ZjtuNbOuBC3ePfuZBdKEybvqcEcszW1ckyVqzcEiEe0nE8sqHK+pbJg+PsAgRJ8+1dg==
  dependencies:
    "@types/estree" "*"
    "@types/node" "*"
    acorn "^7.1.0"

serialize-javascript@^2.1.2:
  version "2.1.2"
  resolved "https://registry.yarnpkg.com/serialize-javascript/-/serialize-javascript-2.1.2.tgz#ecec53b0e0317bdc95ef76ab7074b7384785fa61"
  integrity sha512-rs9OggEUF0V4jUSecXazOYsLfu7OGK2qIn3c7IPBiffz32XniEp/TX9Xmc9LQfK2nQ2QKHvZ2oygKUGU0lG4jQ==

source-map-support@~0.5.12:
  version "0.5.16"
  resolved "https://registry.yarnpkg.com/source-map-support/-/source-map-support-0.5.16.tgz#0ae069e7fe3ba7538c64c98515e35339eac5a042"
  integrity sha512-efyLRJDr68D9hBBNIPWFjhpFzURh+KJykQwvMyW5UiZzYwoF6l4YMMDIJJEyFWxWCqfyxLzz6tSfUFR+kXXsVQ==
  dependencies:
    buffer-from "^1.0.0"
    source-map "^0.6.0"

source-map@^0.6.0, source-map@~0.6.1:
  version "0.6.1"
  resolved "https://registry.yarnpkg.com/source-map/-/source-map-0.6.1.tgz#74722af32e9614e9c287a8d0bbde48b5e2f1a263"
  integrity sha512-UjgapumWlbMhkBgzT7Ykc5YXUT46F0iKu8SGXq0bcwP5dz/h0Plj6enJqjz1Zbq2l5WaqYnrVbwWOWMyF3F47g==

supports-color@^5.3.0:
  version "5.5.0"
  resolved "https://registry.yarnpkg.com/supports-color/-/supports-color-5.5.0.tgz#e2e69a44ac8772f78a1ec0b35b689df6530efc8f"
  integrity sha512-QjVjwdXIt408MIiAqCX4oUKsgU2EqAGzs2Ppkm4aQYbjm+ZEWEcW4SfFNTr4uMNZma0ey4f5lgLrkB0aX0QMow==
  dependencies:
    has-flag "^3.0.0"

supports-color@^6.1.0:
  version "6.1.0"
  resolved "https://registry.yarnpkg.com/supports-color/-/supports-color-6.1.0.tgz#0764abc69c63d5ac842dd4867e8d025e880df8f3"
  integrity sha512-qe1jfm1Mg7Nq/NSh6XE24gPXROEVsWHxC1LIx//XNlD9iw7YZQGjZNjYN7xGaEG6iKdA8EtNFW6R0gjnVXp+wQ==
  dependencies:
    has-flag "^3.0.0"

terser@^4.6.2:
  version "4.6.3"
  resolved "https://registry.yarnpkg.com/terser/-/terser-4.6.3.tgz#e33aa42461ced5238d352d2df2a67f21921f8d87"
  integrity sha512-Lw+ieAXmY69d09IIc/yqeBqXpEQIpDGZqT34ui1QWXIUpR2RjbqEkT8X7Lgex19hslSqcWM5iMN2kM11eMsESQ==
  dependencies:
    commander "^2.20.0"
    source-map "~0.6.1"
    source-map-support "~0.5.12"

tslib@^1.10.0:
  version "1.10.0"
  resolved "https://registry.yarnpkg.com/tslib/-/tslib-1.10.0.tgz#c3c19f95973fb0a62973fb09d90d961ee43e5c8a"
  integrity sha512-qOebF53frne81cf0S9B41ByenJ3/IuH8yJKngAX35CmiZySA0khhkovshKK+jGCaMnVomla7gVlIcc3EvKPbTQ==

typescript@^3.7.5:
  version "3.7.5"
  resolved "https://registry.yarnpkg.com/typescript/-/typescript-3.7.5.tgz#0692e21f65fd4108b9330238aac11dd2e177a1ae"
  integrity sha512-/P5lkRXkWHNAbcJIiHPfRoKqyd7bsyCma1hZNUGfn20qm64T6ZBlrzprymeu918H+mB/0rIg2gGK/BXkhhYgBw==
